<?xml version="1.0" encoding="utf-8"?>
<Project ToolsVersion="4.0" xmlns="http://schemas.microsoft.com/developer/msbuild/2003">
  <ItemGroup>
    <ClInclude Include="framework.h" />
    <ClInclude Include="pch.h" />
    <ClInclude Include="Resource.h" />
    <ClInclude Include="targetver.h" />
    <ClInclude Include="Isocket.h" />
    <ClInclude Include="test_client.login.h" />
    <ClInclude Include="..\..\common\definition.message.h">
      <Filter>common</Filter>
    </ClInclude>
    <ClInclude Include="..\..\common\definition.message.server.h">
      <Filter>common</Filter>
    </ClInclude>
    <ClInclude Include="..\..\common\definitions.h">
      <Filter>common</Filter>
    </ClInclude>
    <ClInclude Include="test_client.login_dlg.h" />
    <ClInclude Include="socket_account_server.h" />
    <ClInclude Include="socket_certification_server.h" />
    <ClInclude Include="socket_stage_instance_server.h" />
  </ItemGroup>
  <ItemGroup>
    <ClCompile Include="pch.cpp" />
    <ClCompile Include="test_client.login.cpp" />
    <ClCompile Include="test_client.login_dlg.cpp" />
    <ClCompile Include="socket_account_server.cpp" />
    <ClCompile Include="socket_certification_server.cpp" />
    <ClCompile Include="socket_stage_instance_server.cpp" />
  </ItemGroup>
  <ItemGroup>
    <Image Include="res\test_client.login.ico" />
  </ItemGroup>
  <ItemGroup>
    <ResourceCompile Include="test_client.login.rc" />
  </ItemGroup>
  <ItemGroup>
    <None Include="res\test_client.login.rc2" />
  </ItemGroup>
  <ItemGroup>
    <Filter Include="common">
      <UniqueIdentifier>{5a9c4faa-8054-40a3-8941-30e90381a7b3}</UniqueIdentifier>
    </Filter>
  </ItemGroup>
</Project>